// !$*UTF8*$!
{
	archiveVersion = 1;
	classes = {
	};
	objectVersion = 46;
	objects = {

/* Begin PBXBuildFile section */
		6EC2B4421CA461E2000A0E72 /* AppDelegate.swift in Sources */ = {isa = PBXBuildFile; fileRef = 6EC2B4411CA461E2000A0E72 /* AppDelegate.swift */; };
		6EC2B4441CA461E2000A0E72 /* ViewController.swift in Sources */ = {isa = PBXBuildFile; fileRef = 6EC2B4431CA461E2000A0E72 /* ViewController.swift */; };
		6EC2B4471CA461E2000A0E72 /* Main.storyboard in Resources */ = {isa = PBXBuildFile; fileRef = 6EC2B4451CA461E2000A0E72 /* Main.storyboard */; };
		6EC2B4491CA461E2000A0E72 /* Assets.xcassets in Resources */ = {isa = PBXBuildFile; fileRef = 6EC2B4481CA461E2000A0E72 /* Assets.xcassets */; };
		6EC2B44C1CA461E2000A0E72 /* LaunchScreen.storyboard in Resources */ = {isa = PBXBuildFile; fileRef = 6EC2B44A1CA461E2000A0E72 /* LaunchScreen.storyboard */; };
		6EC2B4571CA461E2000A0E72 /* TDDLaufschriftPruefungsAufgabeTests.swift in Sources */ = {isa = PBXBuildFile; fileRef = 6EC2B4561CA461E2000A0E72 /* TDDLaufschriftPruefungsAufgabeTests.swift */; };
		6EC2B4621CA4620A000A0E72 /* DigitTests.swift in Sources */ = {isa = PBXBuildFile; fileRef = 6EC2B4611CA4620A000A0E72 /* DigitTests.swift */; };
		6EC2B4641CA46260000A0E72 /* DigitView.swift in Sources */ = {isa = PBXBuildFile; fileRef = 6EC2B4631CA46260000A0E72 /* DigitView.swift */; };
		6EC2B4661CA53C4D000A0E72 /* DigitControllerView.swift in Sources */ = {isa = PBXBuildFile; fileRef = 6EC2B4651CA53C4D000A0E72 /* DigitControllerView.swift */; };
/* End PBXBuildFile section */

/* Begin PBXContainerItemProxy section */
		6EC2B4531CA461E2000A0E72 /* PBXContainerItemProxy */ = {
			isa = PBXContainerItemProxy;
			containerPortal = 6EC2B4361CA461E2000A0E72 /* Project object */;
			proxyType = 1;
			remoteGlobalIDString = 6EC2B43D1CA461E2000A0E72;
			remoteInfo = TDDLaufschriftPruefungsAufgabe;
		};
/* End PBXContainerItemProxy section */

/* Begin PBXFileReference section */
		6EC2B43E1CA461E2000A0E72 /* TDDLaufschriftPruefungsAufgabe.app */ = {isa = PBXFileReference; explicitFileType = wrapper.application; includeInIndex = 0; path = TDDLaufschriftPruefungsAufgabe.app; sourceTree = BUILT_PRODUCTS_DIR; };
		6EC2B4411CA461E2000A0E72 /* AppDelegate.swift */ = {isa = PBXFileReference; lastKnownFileType = sourcecode.swift; path = AppDelegate.swift; sourceTree = "<group>"; };
		6EC2B4431CA461E2000A0E72 /* ViewController.swift */ = {isa = PBXFileReference; lastKnownFileType = sourcecode.swift; path = ViewController.swift; sourceTree = "<group>"; };
		6EC2B4461CA461E2000A0E72 /* Base */ = {isa = PBXFileReference; lastKnownFileType = file.storyboard; name = Base; path = Base.lproj/Main.storyboard; sourceTree = "<group>"; };
		6EC2B4481CA461E2000A0E72 /* Assets.xcassets */ = {isa = PBXFileReference; lastKnownFileType = folder.assetcatalog; path = Assets.xcassets; sourceTree = "<group>"; };
		6EC2B44B1CA461E2000A0E72 /* Base */ = {isa = PBXFileReference; lastKnownFileType = file.storyboard; name = Base; path = Base.lproj/LaunchScreen.storyboard; sourceTree = "<group>"; };
		6EC2B44D1CA461E2000A0E72 /* Info.plist */ = {isa = PBXFileReference; lastKnownFileType = text.plist.xml; path = Info.plist; sourceTree = "<group>"; };
		6EC2B4521CA461E2000A0E72 /* TDDLaufschriftPruefungsAufgabeTests.xctest */ = {isa = PBXFileReference; explicitFileType = wrapper.cfbundle; includeInIndex = 0; path = TDDLaufschriftPruefungsAufgabeTests.xctest; sourceTree = BUILT_PRODUCTS_DIR; };
		6EC2B4561CA461E2000A0E72 /* TDDLaufschriftPruefungsAufgabeTests.swift */ = {isa = PBXFileReference; lastKnownFileType = sourcecode.swift; path = TDDLaufschriftPruefungsAufgabeTests.swift; sourceTree = "<group>"; };
		6EC2B4581CA461E2000A0E72 /* Info.plist */ = {isa = PBXFileReference; lastKnownFileType = text.plist.xml; path = Info.plist; sourceTree = "<group>"; };
		6EC2B4611CA4620A000A0E72 /* DigitTests.swift */ = {isa = PBXFileReference; fileEncoding = 4; lastKnownFileType = sourcecode.swift; path = DigitTests.swift; sourceTree = "<group>"; };
		6EC2B4631CA46260000A0E72 /* DigitView.swift */ = {isa = PBXFileReference; fileEncoding = 4; lastKnownFileType = sourcecode.swift; path = DigitView.swift; sourceTree = "<group>"; };
		6EC2B4651CA53C4D000A0E72 /* DigitControllerView.swift */ = {isa = PBXFileReference; fileEncoding = 4; lastKnownFileType = sourcecode.swift; path = DigitControllerView.swift; sourceTree = "<group>"; };
/* End PBXFileReference section */

/* Begin PBXFrameworksBuildPhase section */
		6EC2B43B1CA461E2000A0E72 /* Frameworks */ = {
			isa = PBXFrameworksBuildPhase;
			buildActionMask = 2147483647;
			files = (
			);
			runOnlyForDeploymentPostprocessing = 0;
		};
		6EC2B44F1CA461E2000A0E72 /* Frameworks */ = {
			isa = PBXFrameworksBuildPhase;
			buildActionMask = 2147483647;
			files = (
			);
			runOnlyForDeploymentPostprocessing = 0;
		};
/* End PBXFrameworksBuildPhase section */

/* Begin PBXGroup section */
		6EC2B4351CA461E2000A0E72 = {
			isa = PBXGroup;
			children = (
				6EC2B4401CA461E2000A0E72 /* TDDLaufschriftPruefungsAufgabe */,
				6EC2B4551CA461E2000A0E72 /* TDDLaufschriftPruefungsAufgabeTests */,
				6EC2B43F1CA461E2000A0E72 /* Products */,
			);
			sourceTree = "<group>";
		};
		6EC2B43F1CA461E2000A0E72 /* Products */ = {
			isa = PBXGroup;
			children = (
				6EC2B43E1CA461E2000A0E72 /* TDDLaufschriftPruefungsAufgabe.app */,
				6EC2B4521CA461E2000A0E72 /* TDDLaufschriftPruefungsAufgabeTests.xctest */,
			);
			name = Products;
			sourceTree = "<group>";
		};
		6EC2B4401CA461E2000A0E72 /* TDDLaufschriftPruefungsAufgabe */ = {
			isa = PBXGroup;
			children = (
				6EC2B4411CA461E2000A0E72 /* AppDelegate.swift */,
				6EC2B4631CA46260000A0E72 /* DigitView.swift */,
				6EC2B4651CA53C4D000A0E72 /* DigitControllerView.swift */,
				6EC2B4431CA461E2000A0E72 /* ViewController.swift */,
				6EC2B4451CA461E2000A0E72 /* Main.storyboard */,
				6EC2B4481CA461E2000A0E72 /* Assets.xcassets */,
				6EC2B44A1CA461E2000A0E72 /* LaunchScreen.storyboard */,
				6EC2B44D1CA461E2000A0E72 /* Info.plist */,
			);
			path = TDDLaufschriftPruefungsAufgabe;
			sourceTree = "<group>";
		};
		6EC2B4551CA461E2000A0E72 /* TDDLaufschriftPruefungsAufgabeTests */ = {
			isa = PBXGroup;
			children = (
				6EC2B4561CA461E2000A0E72 /* TDDLaufschriftPruefungsAufgabeTests.swift */,
				6EC2B4611CA4620A000A0E72 /* DigitTests.swift */,
				6EC2B4581CA461E2000A0E72 /* Info.plist */,
			);
			path = TDDLaufschriftPruefungsAufgabeTests;
			sourceTree = "<group>";
		};
/* End PBXGroup section */

/* Begin PBXNativeTarget section */
		6EC2B43D1CA461E2000A0E72 /* TDDLaufschriftPruefungsAufgabe */ = {
			isa = PBXNativeTarget;
			buildConfigurationList = 6EC2B45B1CA461E2000A0E72 /* Build configuration list for PBXNativeTarget "TDDLaufschriftPruefungsAufgabe" */;
			buildPhases = (
				6EC2B43A1CA461E2000A0E72 /* Sources */,
				6EC2B43B1CA461E2000A0E72 /* Frameworks */,
				6EC2B43C1CA461E2000A0E72 /* Resources */,
			);
			buildRules = (
			);
			dependencies = (
			);
			name = TDDLaufschriftPruefungsAufgabe;
			productName = TDDLaufschriftPruefungsAufgabe;
			productReference = 6EC2B43E1CA461E2000A0E72 /* TDDLaufschriftPruefungsAufgabe.app */;
			productType = "com.apple.product-type.application";
		};
		6EC2B4511CA461E2000A0E72 /* TDDLaufschriftPruefungsAufgabeTests */ = {
			isa = PBXNativeTarget;
			buildConfigurationList = 6EC2B45E1CA461E2000A0E72 /* Build configuration list for PBXNativeTarget "TDDLaufschriftPruefungsAufgabeTests" */;
			buildPhases = (
				6EC2B44E1CA461E2000A0E72 /* Sources */,
				6EC2B44F1CA461E2000A0E72 /* Frameworks */,
				6EC2B4501CA461E2000A0E72 /* Resources */,
			);
			buildRules = (
			);
			dependencies = (
				6EC2B4541CA461E2000A0E72 /* PBXTargetDependency */,
			);
			name = TDDLaufschriftPruefungsAufgabeTests;
			productName = TDDLaufschriftPruefungsAufgabeTests;
			productReference = 6EC2B4521CA461E2000A0E72 /* TDDLaufschriftPruefungsAufgabeTests.xctest */;
			productType = "com.apple.product-type.bundle.unit-test";
		};
/* End PBXNativeTarget section */

/* Begin PBXProject section */
		6EC2B4361CA461E2000A0E72 /* Project object */ = {
			isa = PBXProject;
			attributes = {
				LastSwiftUpdateCheck = 0720;
				LastUpgradeCheck = 0720;
				ORGANIZATIONNAME = "Timm Kent";
				TargetAttributes = {
					6EC2B43D1CA461E2000A0E72 = {
						CreatedOnToolsVersion = 7.2.1;
					};
					6EC2B4511CA461E2000A0E72 = {
						CreatedOnToolsVersion = 7.2.1;
						TestTargetID = 6EC2B43D1CA461E2000A0E72;
					};
				};
			};
			buildConfigurationList = 6EC2B4391CA461E2000A0E72 /* Build configuration list for PBXProject "TDDLaufschriftPruefungsAufgabe" */;
			compatibilityVersion = "Xcode 3.2";
			developmentRegion = English;
			hasScannedForEncodings = 0;
			knownRegions = (
				en,
				Base,
			);
			mainGroup = 6EC2B4351CA461E2000A0E72;
			productRefGroup = 6EC2B43F1CA461E2000A0E72 /* Products */;
			projectDirPath = "";
			projectRoot = "";
			targets = (
				6EC2B43D1CA461E2000A0E72 /* TDDLaufschriftPruefungsAufgabe */,
				6EC2B4511CA461E2000A0E72 /* TDDLaufschriftPruefungsAufgabeTests */,
			);
		};
/* End PBXProject section */

/* Begin PBXResourcesBuildPhase section */
		6EC2B43C1CA461E2000A0E72 /* Resources */ = {
			isa = PBXResourcesBuildPhase;
			buildActionMask = 2147483647;
			files = (
				6EC2B44C1CA461E2000A0E72 /* LaunchScreen.storyboard in Resources */,
				6EC2B4491CA461E2000A0E72 /* Assets.xcassets in Resources */,
				6EC2B4471CA461E2000A0E72 /* Main.storyboard in Resources */,
			);
			runOnlyForDeploymentPostprocessing = 0;
		};
		6EC2B4501CA461E2000A0E72 /* Resources */ = {
			isa = PBXResourcesBuildPhase;
			buildActionMask = 2147483647;
			files = (
			);
			runOnlyForDeploymentPostprocessing = 0;
		};
/* End PBXResourcesBuildPhase section */

/* Begin PBXSourcesBuildPhase section */
		6EC2B43A1CA461E2000A0E72 /* Sources */ = {
			isa = PBXSourcesBuildPhase;
			buildActionMask = 2147483647;
			files = (
				6EC2B4661CA53C4D000A0E72 /* DigitControllerView.swift in Sources */,
				6EC2B4441CA461E2000A0E72 /* ViewController.swift in Sources */,
				6EC2B4421CA461E2000A0E72 /* AppDelegate.swift in Sources */,
				6EC2B4641CA46260000A0E72 /* DigitView.swift in Sources */,
			);
			runOnlyForDeploymentPostprocessing = 0;
		};
		6EC2B44E1CA461E2000A0E72 /* Sources */ = {
			isa = PBXSourcesBuildPhase;
			buildActionMask = 2147483647;
			files = (
				6EC2B4571CA461E2000A0E72 /* TDDLaufschriftPruefungsAufgabeTests.swift in Sources */,
				6EC2B4621CA4620A000A0E72 /* DigitTests.swift in Sources */,
			);
			runOnlyForDeploymentPostprocessing = 0;
		};
/* End PBXSourcesBuildPhase section */

/* Begin PBXTargetDependency section */
		6EC2B4541CA461E2000A0E72 /* PBXTargetDependency */ = {
			isa = PBXTargetDependency;
			target = 6EC2B43D1CA461E2000A0E72 /* TDDLaufschriftPruefungsAufgabe */;
			targetProxy = 6EC2B4531CA461E2000A0E72 /* PBXContainerItemProxy */;
		};
/* End PBXTargetDependency section */

/* Begin PBXVariantGroup section */
		6EC2B4451CA461E2000A0E72 /* Main.storyboard */ = {
			isa = PBXVariantGroup;
			children = (
				6EC2B4461CA461E2000A0E72 /* Base */,
			);
			name = Main.storyboard;
			sourceTree = "<group>";
		};
		6EC2B44A1CA461E2000A0E72 /* LaunchScreen.storyboard */ = {
			isa = PBXVariantGroup;
			children = (
				6EC2B44B1CA461E2000A0E72 /* Base */,
			);
			name = LaunchScreen.storyboard;
			sourceTree = "<group>";
		};
/* End PBXVariantGroup section */

/* Begin XCBuildConfiguration section */
		6EC2B4591CA461E2000A0E72 /* Debug */ = {
			isa = XCBuildConfiguration;
			buildSettings = {
				ALWAYS_SEARCH_USER_PATHS = NO;
				CLANG_CXX_LANGUAGE_STANDARD = "gnu++0x";
				CLANG_CXX_LIBRARY = "libc++";
				CLANG_ENABLE_MODULES = YES;
				CLANG_ENABLE_OBJC_ARC = YES;
				CLANG_WARN_BOOL_CONVERSION = YES;
				CLANG_WARN_CONSTANT_CONVERSION = YES;
				CLANG_WARN_DIRECT_OBJC_ISA_USAGE = YES_ERROR;
				CLANG_WARN_EMPTY_BODY = YES;
				CLANG_WARN_ENUM_CONVERSION = YES;
				CLANG_WARN_INT_CONVERSION = YES;
				CLANG_WARN_OBJC_ROOT_CLASS = YES_ERROR;
				CLANG_WARN_UNREACHABLE_CODE = YES;
				CLANG_WARN__DUPLICATE_METHOD_MATCH = YES;
				"CODE_SIGN_IDENTITY[sdk=iphoneos*]" = "iPhone Developer";
				COPY_PHASE_STRIP = NO;
				DEBUG_INFORMATION_FORMAT = dwarf;
				ENABLE_STRICT_OBJC_MSGSEND = YES;
				ENABLE_TESTABILITY = YES;
				GCC_C_LANGUAGE_STANDARD = gnu99;
				GCC_DYNAMIC_NO_PIC = NO;
				GCC_NO_COMMON_BLOCKS = YES;
				GCC_OPTIMIZATION_LEVEL = 0;
				GCC_PREPROCESSOR_DEFINITIONS = (
					"DEBUG=1",
					"$(inherited)",
				);
				GCC_WARN_64_TO_32_BIT_CONVERSION = YES;
				GCC_WARN_ABOUT_RETURN_TYPE = YES_ERROR;
				GCC_WARN_UNDECLARED_SELECTOR = YES;
				GCC_WARN_UNINITIALIZED_AUTOS = YES_AGGRESSIVE;
				GCC_WARN_UNUSED_FUNCTION = YES;
				GCC_WARN_UNUSED_VARIABLE = YES;
				IPHONEOS_DEPLOYMENT_TARGET = 9.2;
				MTL_ENABLE_DEBUG_INFO = YES;
				ONLY_ACTIVE_ARCH = YES;
				SDKROOT = iphoneos;
				SWIFT_OPTIMIZATION_LEVEL = "-Onone";
				TARGETED_DEVICE_FAMILY = "1,2";
			};
			name = Debug;
		};
		6EC2B45A1CA461E2000A0E72 /* Release */ = {
			isa = XCBuildConfiguration;
			buildSettings = {
				ALWAYS_SEARCH_USER_PATHS = NO;
				CLANG_CXX_LANGUAGE_STANDARD = "gnu++0x";
				CLANG_CXX_LIBRARY = "libc++";
				CLANG_ENABLE_MODULES = YES;
				CLANG_ENABLE_OBJC_ARC = YES;
				CLANG_WARN_BOOL_CONVERSION = YES;
				CLANG_WARN_CONSTANT_CONVERSION = YES;
				CLANG_WARN_DIRECT_OBJC_ISA_USAGE = YES_ERROR;
				CLANG_WARN_EMPTY_BODY = YES;
				CLANG_WARN_ENUM_CONVERSION = YES;
				CLANG_WARN_INT_CONVERSION = YES;
				CLANG_WARN_OBJC_ROOT_CLASS = YES_ERROR;
				CLANG_WARN_UNREACHABLE_CODE = YES;
				CLANG_WARN__DUPLICATE_METHOD_MATCH = YES;
				"CODE_SIGN_IDENTITY[sdk=iphoneos*]" = "iPhone Developer";
				COPY_PHASE_STRIP = NO;
				DEBUG_INFORMATION_FORMAT = "dwarf-with-dsym";
				ENABLE_NS_ASSERTIONS = NO;
				ENABLE_STRICT_OBJC_MSGSEND = YES;
				GCC_C_LANGUAGE_STANDARD = gnu99;
				GCC_NO_COMMON_BLOCKS = YES;
				GCC_WARN_64_TO_32_BIT_CONVERSION = YES;
				GCC_WARN_ABOUT_RETURN_TYPE = YES_ERROR;
				GCC_WARN_UNDECLARED_SELECTOR = YES;
				GCC_WARN_UNINITIALIZED_AUTOS = YES_AGGRESSIVE;
				GCC_WARN_UNUSED_FUNCTION = YES;
				GCC_WARN_UNUSED_VARIABLE = YES;
				IPHONEOS_DEPLOYMENT_TARGET = 9.2;
				MTL_ENABLE_DEBUG_INFO = NO;
				SDKROOT = iphoneos;
				TARGETED_DEVICE_FAMILY = "1,2";
				VALIDATE_PRODUCT = YES;
			};
			name = Release;
		};
		6EC2B45C1CA461E2000A0E72 /* Debug */ = {
			isa = XCBuildConfiguration;
			buildSettings = {
				ASSETCATALOG_COMPILER_APPICON_NAME = AppIcon;
				INFOPLIST_FILE = TDDLaufschriftPruefungsAufgabe/Info.plist;
				LD_RUNPATH_SEARCH_PATHS = "$(inherited) @executable_path/Frameworks";
				PRODUCT_BUNDLE_IDENTIFIER = com.madeTK.TDDLaufschriftPruefungsAufgabe;
				PRODUCT_NAME = "$(TARGET_NAME)";
			};
			name = Debug;
		};
		6EC2B45D1CA461E2000A0E72 /* Release */ = {
			isa = XCBuildConfiguration;
			buildSettings = {
				ASSETCATALOG_COMPILER_APPICON_NAME = AppIcon;
				INFOPLIST_FILE = TDDLaufschriftPruefungsAufgabe/Info.plist;
				LD_RUNPATH_SEARCH_PATHS = "$(inherited) @executable_path/Frameworks";
				PRODUCT_BUNDLE_IDENTIFIER = com.madeTK.TDDLaufschriftPruefungsAufgabe;
				PRODUCT_NAME = "$(TARGET_NAME)";
			};
			name = Release;
		};
		6EC2B45F1CA461E2000A0E72 /* Debug */ = {
			isa = XCBuildConfiguration;
			buildSettings = {
				BUNDLE_LOADER = "$(TEST_HOST)";
				INFOPLIST_FILE = TDDLaufschriftPruefungsAufgabeTests/Info.plist;
				LD_RUNPATH_SEARCH_PATHS = "$(inherited) @executable_path/Frameworks @loader_path/Frameworks";
				PRODUCT_BUNDLE_IDENTIFIER = com.madeTK.TDDLaufschriftPruefungsAufgabeTests;
				PRODUCT_NAME = "$(TARGET_NAME)";
				TEST_HOST = "$(BUILT_PRODUCTS_DIR)/TDDLaufschriftPruefungsAufgabe.app/TDDLaufschriftPruefungsAufgabe";
			};
			name = Debug;
		};
		6EC2B4601CA461E2000A0E72 /* Release */ = {
			isa = XCBuildConfiguration;
			buildSettings = {
				BUNDLE_LOADER = "$(TEST_HOST)";
				INFOPLIST_FILE = TDDLaufschriftPruefungsAufgabeTests/Info.plist;
				LD_RUNPATH_SEARCH_PATHS = "$(inherited) @executable_path/Frameworks @loader_path/Frameworks";
				PRODUCT_BUNDLE_IDENTIFIER = com.madeTK.TDDLaufschriftPruefungsAufgabeTests;
				PRODUCT_NAME = "$(TARGET_NAME)";
				TEST_HOST = "$(BUILT_PRODUCTS_DIR)/TDDLaufschriftPruefungsAufgabe.app/TDDLaufschriftPruefungsAufgabe";
			};
			name = Release;
		};
/* End XCBuildConfiguration section */

/* Begin XCConfigurationList section */
		6EC2B4391CA461E2000A0E72 /* Build configuration list for PBXProject "TDDLaufschriftPruefungsAufgabe" */ = {
			isa = XCConfigurationList;
			buildConfigurations = (
				6EC2B4591CA461E2000A0E72 /* Debug */,
				6EC2B45A1CA461E2000A0E72 /* Release */,
			);
			defaultConfigurationIsVisible = 0;
			defaultConfigurationName = Release;
		};
		6EC2B45B1CA461E2000A0E72 /* Build configuration list for PBXNativeTarget "TDDLaufschriftPruefungsAufgabe" */ = {
			isa = XCConfigurationList;
			buildConfigurations = (
				6EC2B45C1CA461E2000A0E72 /* Debug */,
				6EC2B45D1CA461E2000A0E72 /* Release */,
			);
			defaultConfigurationIsVisible = 0;
			defaultConfigurationName = Release;
		};
		6EC2B45E1CA461E2000A0E72 /* Build configuration list for PBXNativeTarget "TDDLaufschriftPruefungsAufgabeTests" */ = {
			isa = XCConfigurationList;
			buildConfigurations = (
				6EC2B45F1CA461E2000A0E72 /* Debug */,
				6EC2B4601CA461E2000A0E72 /* Release */,
			);
			defaultConfigurationIsVisible = 0;
			defaultConfigurationName = Release;
		};
/* End XCConfigurationList section */
	};
	rootObject = 6EC2B4361CA461E2000A0E72 /* Project object */;
}
